
Microsoft Visual Studio Solution File, Format Version 12.00
# Visual Studio 15
Project("{FAE04EC0-301F-11D3-BF4B-00C04F79EFBC}") = "HoloLens", "Assembly-CSharp.csproj", "{DB97A1B6-1439-D182-D3D9-71F7DACA766A}"
EndProject
Project("{FAE04EC0-301F-11D3-BF4B-00C04F79EFBC}") = "HoloLens", "Assembly-CSharp-firstpass.csproj", "{898B8045-58BA-6F7B-8ABA-99FD4E74C265}"
EndProject
Project("{FAE04EC0-301F-11D3-BF4B-00C04F79EFBC}") = "HoloLens", "Assembly-CSharp-Editor.csproj", "{B48FD014-E731-E4F0-0456-9559D529422D}"
EndProject
Project("{FAE04EC0-301F-11D3-BF4B-00C04F79EFBC}") = "HoloLens", "Assembly-CSharp-Editor-firstpass.csproj", "{30E1EE25-66C7-3B60-9502-A5782C791C85}"
EndProject
Global
	GlobalSection(SolutionConfigurationPlatforms) = preSolution
		Debug|Any CPU = Debug|Any CPU
		Release|Any CPU = Release|Any CPU
	EndGlobalSection
	GlobalSection(ProjectConfigurationPlatforms) = postSolution
		{DB97A1B6-1439-D182-D3D9-71F7DACA766A}.Debug|Any CPU.ActiveCfg = Debug|Any CPU
		{DB97A1B6-1439-D182-D3D9-71F7DACA766A}.Debug|Any CPU.Build.0 = Debug|Any CPU
		{DB97A1B6-1439-D182-D3D9-71F7DACA766A}.Release|Any CPU.ActiveCfg = Release|Any CPU
		{DB97A1B6-1439-D182-D3D9-71F7DACA766A}.Release|Any CPU.Build.0 = Release|Any CPU
		{898B8045-58BA-6F7B-8ABA-99FD4E74C265}.Debug|Any CPU.ActiveCfg = Debug|Any CPU
		{898B8045-58BA-6F7B-8ABA-99FD4E74C265}.Debug|Any CPU.Build.0 = Debug|Any CPU
		{898B8045-58BA-6F7B-8ABA-99FD4E74C265}.Release|Any CPU.ActiveCfg = Release|Any CPU
		{898B8045-58BA-6F7B-8ABA-99FD4E74C265}.Release|Any CPU.Build.0 = Release|Any CPU
		{B48FD014-E731-E4F0-0456-9559D529422D}.Debug|Any CPU.ActiveCfg = Debug|Any CPU
		{B48FD014-E731-E4F0-0456-9559D529422D}.Debug|Any CPU.Build.0 = Debug|Any CPU
		{B48FD014-E731-E4F0-0456-9559D529422D}.Release|Any CPU.ActiveCfg = Release|Any CPU
		{B48FD014-E731-E4F0-0456-9559D529422D}.Release|Any CPU.Build.0 = Release|Any CPU
		{30E1EE25-66C7-3B60-9502-A5782C791C85}.Debug|Any CPU.ActiveCfg = Debug|Any CPU
		{30E1EE25-66C7-3B60-9502-A5782C791C85}.Debug|Any CPU.Build.0 = Debug|Any CPU
		{30E1EE25-66C7-3B60-9502-A5782C791C85}.Release|Any CPU.ActiveCfg = Release|Any CPU
		{30E1EE25-66C7-3B60-9502-A5782C791C85}.Release|Any CPU.Build.0 = Release|Any CPU
	EndGlobalSection
	GlobalSection(SolutionProperties) = preSolution
		HideSolutionNode = FALSE
	EndGlobalSection
EndGlobal
